
Microsoft Visual Studio Solution File, Format Version 12.00
# Visual Studio Version 16
VisualStudioVersion = 16.0.29418.71
MinimumVisualStudioVersion = 10.0.40219.1
Project("{FAE04EC0-301F-11D3-BF4B-00C04F79EFBC}") = "lec8", "lec8\lec8.csproj", "{9C303207-A7A6-4F1D-BD19-11BFBB5ECF91}"
EndProject
Global
	GlobalSection(SolutionConfigurationPlatforms) = preSolution
		Debug|Any CPU = Debug|Any CPU
		Release|Any CPU = Release|Any CPU
	EndGlobalSection
	GlobalSection(ProjectConfigurationPlatforms) = postSolution
		{9C303207-A7A6-4F1D-BD19-11BFBB5ECF91}.Debug|Any CPU.ActiveCfg = Debug|Any CPU
		{9C303207-A7A6-4F1D-BD19-11BFBB5ECF91}.Debug|Any CPU.Build.0 = Debug|Any CPU
		{9C303207-A7A6-4F1D-BD19-11BFBB5ECF91}.Release|Any CPU.ActiveCfg = Release|Any CPU
		{9C303207-A7A6-4F1D-BD19-11BFBB5ECF91}.Release|Any CPU.Build.0 = Release|Any CPU
	EndGlobalSection
	GlobalSection(SolutionProperties) = preSolution
		HideSolutionNode = FALSE
	EndGlobalSection
	GlobalSection(ExtensibilityGlobals) = postSolution
		SolutionGuid = {EB5F8263-A7E6-4296-8ADD-894520676BC1}
	EndGlobalSection
EndGlobal
